// !$*UTF8*$!
{
	archiveVersion = 1;
	classes = {
	};
	objectVersion = 46;
	objects = {

/* Begin PBXBuildFile section */
		2270AFEA1DE8DF9E007006FE /* AppDelegate.swift in Sources */ = {isa = PBXBuildFile; fileRef = 2270AFE91DE8DF9E007006FE /* AppDelegate.swift */; };
		2270AFEC1DE8DF9E007006FE /* ViewController.swift in Sources */ = {isa = PBXBuildFile; fileRef = 2270AFEB1DE8DF9E007006FE /* ViewController.swift */; };
		2270AFEF1DE8DF9E007006FE /* Main.storyboard in Resources */ = {isa = PBXBuildFile; fileRef = 2270AFED1DE8DF9E007006FE /* Main.storyboard */; };
		2270AFF11DE8DF9E007006FE /* Assets.xcassets in Resources */ = {isa = PBXBuildFile; fileRef = 2270AFF01DE8DF9E007006FE /* Assets.xcassets */; };
		2270AFF41DE8DF9E007006FE /* LaunchScreen.storyboard in Resources */ = {isa = PBXBuildFile; fileRef = 2270AFF21DE8DF9E007006FE /* LaunchScreen.storyboard */; };
		2270AFFF1DE8DF9E007006FE /* NewsReaderTests.swift in Sources */ = {isa = PBXBuildFile; fileRef = 2270AFFE1DE8DF9E007006FE /* NewsReaderTests.swift */; };
/* End PBXBuildFile section */

/* Begin PBXContainerItemProxy section */
		2270AFFB1DE8DF9E007006FE /* PBXContainerItemProxy */ = {
			isa = PBXContainerItemProxy;
			containerPortal = 2270AFDE1DE8DF9E007006FE /* Project object */;
			proxyType = 1;
			remoteGlobalIDString = 2270AFE51DE8DF9E007006FE;
			remoteInfo = NewsReader;
		};
/* End PBXContainerItemProxy section */

/* Begin PBXFileReference section */
		2270AFE61DE8DF9E007006FE /* NewsReader.app */ = {isa = PBXFileReference; explicitFileType = wrapper.application; includeInIndex = 0; path = NewsReader.app; sourceTree = BUILT_PRODUCTS_DIR; };
		2270AFE91DE8DF9E007006FE /* AppDelegate.swift */ = {isa = PBXFileReference; lastKnownFileType = sourcecode.swift; path = AppDelegate.swift; sourceTree = "<group>"; };
		2270AFEB1DE8DF9E007006FE /* ViewController.swift */ = {isa = PBXFileReference; lastKnownFileType = sourcecode.swift; path = ViewController.swift; sourceTree = "<group>"; };
		2270AFEE1DE8DF9E007006FE /* Base */ = {isa = PBXFileReference; lastKnownFileType = file.storyboard; name = Base; path = Base.lproj/Main.storyboard; sourceTree = "<group>"; };
		2270AFF01DE8DF9E007006FE /* Assets.xcassets */ = {isa = PBXFileReference; lastKnownFileType = folder.assetcatalog; path = Assets.xcassets; sourceTree = "<group>"; };
		2270AFF31DE8DF9E007006FE /* Base */ = {isa = PBXFileReference; lastKnownFileType = file.storyboard; name = Base; path = Base.lproj/LaunchScreen.storyboard; sourceTree = "<group>"; };
		2270AFF51DE8DF9E007006FE /* Info.plist */ = {isa = PBXFileReference; lastKnownFileType = text.plist.xml; path = Info.plist; sourceTree = "<group>"; };
		2270AFFA1DE8DF9E007006FE /* NewsReaderTests.xctest */ = {isa = PBXFileReference; explicitFileType = wrapper.cfbundle; includeInIndex = 0; path = NewsReaderTests.xctest; sourceTree = BUILT_PRODUCTS_DIR; };
		2270AFFE1DE8DF9E007006FE /* NewsReaderTests.swift */ = {isa = PBXFileReference; lastKnownFileType = sourcecode.swift; path = NewsReaderTests.swift; sourceTree = "<group>"; };
		2270B0001DE8DF9E007006FE /* Info.plist */ = {isa = PBXFileReference; lastKnownFileType = text.plist.xml; path = Info.plist; sourceTree = "<group>"; };
/* End PBXFileReference section */

/* Begin PBXFrameworksBuildPhase section */
		2270AFE31DE8DF9E007006FE /* Frameworks */ = {
			isa = PBXFrameworksBuildPhase;
			buildActionMask = 2147483647;
			files = (
			);
			runOnlyForDeploymentPostprocessing = 0;
		};
		2270AFF71DE8DF9E007006FE /* Frameworks */ = {
			isa = PBXFrameworksBuildPhase;
			buildActionMask = 2147483647;
			files = (
			);
			runOnlyForDeploymentPostprocessing = 0;
		};
/* End PBXFrameworksBuildPhase section */

/* Begin PBXGroup section */
		2270AFDD1DE8DF9E007006FE = {
			isa = PBXGroup;
			children = (
				2270AFE81DE8DF9E007006FE /* NewsReader */,
				2270AFFD1DE8DF9E007006FE /* NewsReaderTests */,
				2270AFE71DE8DF9E007006FE /* Products */,
			);
			sourceTree = "<group>";
		};
		2270AFE71DE8DF9E007006FE /* Products */ = {
			isa = PBXGroup;
			children = (
				2270AFE61DE8DF9E007006FE /* NewsReader.app */,
				2270AFFA1DE8DF9E007006FE /* NewsReaderTests.xctest */,
			);
			name = Products;
			sourceTree = "<group>";
		};
		2270AFE81DE8DF9E007006FE /* NewsReader */ = {
			isa = PBXGroup;
			children = (
				2270AFE91DE8DF9E007006FE /* AppDelegate.swift */,
				2270AFEB1DE8DF9E007006FE /* ViewController.swift */,
				2270AFED1DE8DF9E007006FE /* Main.storyboard */,
				2270AFF01DE8DF9E007006FE /* Assets.xcassets */,
				2270AFF21DE8DF9E007006FE /* LaunchScreen.storyboard */,
				2270AFF51DE8DF9E007006FE /* Info.plist */,
			);
			path = NewsReader;
			sourceTree = "<group>";
		};
		2270AFFD1DE8DF9E007006FE /* NewsReaderTests */ = {
			isa = PBXGroup;
			children = (
				2270AFFE1DE8DF9E007006FE /* NewsReaderTests.swift */,
				2270B0001DE8DF9E007006FE /* Info.plist */,
			);
			path = NewsReaderTests;
			sourceTree = "<group>";
		};
/* End PBXGroup section */

/* Begin PBXNativeTarget section */
		2270AFE51DE8DF9E007006FE /* NewsReader */ = {
			isa = PBXNativeTarget;
			buildConfigurationList = 2270B0031DE8DF9E007006FE /* Build configuration list for PBXNativeTarget "NewsReader" */;
			buildPhases = (
				2270AFE21DE8DF9E007006FE /* Sources */,
				2270AFE31DE8DF9E007006FE /* Frameworks */,
				2270AFE41DE8DF9E007006FE /* Resources */,
			);
			buildRules = (
			);
			dependencies = (
			);
			name = NewsReader;
			productName = NewsReader;
			productReference = 2270AFE61DE8DF9E007006FE /* NewsReader.app */;
			productType = "com.apple.product-type.application";
		};
		2270AFF91DE8DF9E007006FE /* NewsReaderTests */ = {
			isa = PBXNativeTarget;
			buildConfigurationList = 2270B0061DE8DF9E007006FE /* Build configuration list for PBXNativeTarget "NewsReaderTests" */;
			buildPhases = (
				2270AFF61DE8DF9E007006FE /* Sources */,
				2270AFF71DE8DF9E007006FE /* Frameworks */,
				2270AFF81DE8DF9E007006FE /* Resources */,
			);
			buildRules = (
			);
			dependencies = (
				2270AFFC1DE8DF9E007006FE /* PBXTargetDependency */,
			);
			name = NewsReaderTests;
			productName = NewsReaderTests;
			productReference = 2270AFFA1DE8DF9E007006FE /* NewsReaderTests.xctest */;
			productType = "com.apple.product-type.bundle.unit-test";
		};
/* End PBXNativeTarget section */

/* Begin PBXProject section */
		2270AFDE1DE8DF9E007006FE /* Project object */ = {
			isa = PBXProject;
			attributes = {
				LastSwiftUpdateCheck = 0810;
				LastUpgradeCheck = 0810;
				ORGANIZATIONNAME = "Sam Galizia";
				TargetAttributes = {
					2270AFE51DE8DF9E007006FE = {
						CreatedOnToolsVersion = 8.1;
						DevelopmentTeam = 5J68VQM656;
						ProvisioningStyle = Automatic;
					};
					2270AFF91DE8DF9E007006FE = {
						CreatedOnToolsVersion = 8.1;
						DevelopmentTeam = 5J68VQM656;
						ProvisioningStyle = Automatic;
						TestTargetID = 2270AFE51DE8DF9E007006FE;
					};
				};
			};
			buildConfigurationList = 2270AFE11DE8DF9E007006FE /* Build configuration list for PBXProject "NewsReader" */;
			compatibilityVersion = "Xcode 3.2";
			developmentRegion = English;
			hasScannedForEncodings = 0;
			knownRegions = (
				en,
				Base,
			);
			mainGroup = 2270AFDD1DE8DF9E007006FE;
			productRefGroup = 2270AFE71DE8DF9E007006FE /* Products */;
			projectDirPath = "";
			projectRoot = "";
			targets = (
				2270AFE51DE8DF9E007006FE /* NewsReader */,
				2270AFF91DE8DF9E007006FE /* NewsReaderTests */,
			);
		};
/* End PBXProject section */

/* Begin PBXResourcesBuildPhase section */
		2270AFE41DE8DF9E007006FE /* Resources */ = {
			isa = PBXResourcesBuildPhase;
			buildActionMask = 2147483647;
			files = (
				2270AFF41DE8DF9E007006FE /* LaunchScreen.storyboard in Resources */,
				2270AFF11DE8DF9E007006FE /* Assets.xcassets in Resources */,
				2270AFEF1DE8DF9E007006FE /* Main.storyboard in Resources */,
			);
			runOnlyForDeploymentPostprocessing = 0;
		};
		2270AFF81DE8DF9E007006FE /* Resources */ = {
			isa = PBXResourcesBuildPhase;
			buildActionMask = 2147483647;
			files = (
			);
			runOnlyForDeploymentPostprocessing = 0;
		};
/* End PBXResourcesBuildPhase section */

/* Begin PBXSourcesBuildPhase section */
		2270AFE21DE8DF9E007006FE /* Sources */ = {
			isa = PBXSourcesBuildPhase;
			buildActionMask = 2147483647;
			files = (
				2270AFEC1DE8DF9E007006FE /* ViewController.swift in Sources */,
				2270AFEA1DE8DF9E007006FE /* AppDelegate.swift in Sources */,
			);
			runOnlyForDeploymentPostprocessing = 0;
		};
		2270AFF61DE8DF9E007006FE /* Sources */ = {
			isa = PBXSourcesBuildPhase;
			buildActionMask = 2147483647;
			files = (
				2270AFFF1DE8DF9E007006FE /* NewsReaderTests.swift in Sources */,
			);
			runOnlyForDeploymentPostprocessing = 0;
		};
/* End PBXSourcesBuildPhase section */

/* Begin PBXTargetDependency section */
		2270AFFC1DE8DF9E007006FE /* PBXTargetDependency */ = {
			isa = PBXTargetDependency;
			target = 2270AFE51DE8DF9E007006FE /* NewsReader */;
			targetProxy = 2270AFFB1DE8DF9E007006FE /* PBXContainerItemProxy */;
		};
/* End PBXTargetDependency section */

/* Begin PBXVariantGroup section */
		2270AFED1DE8DF9E007006FE /* Main.storyboard */ = {
			isa = PBXVariantGroup;
			children = (
				2270AFEE1DE8DF9E007006FE /* Base */,
			);
			name = Main.storyboard;
			sourceTree = "<group>";
		};
		2270AFF21DE8DF9E007006FE /* LaunchScreen.storyboard */ = {
			isa = PBXVariantGroup;
			children = (
				2270AFF31DE8DF9E007006FE /* Base */,
			);
			name = LaunchScreen.storyboard;
			sourceTree = "<group>";
		};
/* End PBXVariantGroup section */

/* Begin XCBuildConfiguration section */
		2270B0011DE8DF9E007006FE /* Debug */ = {
			isa = XCBuildConfiguration;
			buildSettings = {
				ALWAYS_SEARCH_USER_PATHS = NO;
				CLANG_ANALYZER_NONNULL = YES;
				CLANG_CXX_LANGUAGE_STANDARD = "gnu++0x";
				CLANG_CXX_LIBRARY = "libc++";
				CLANG_ENABLE_MODULES = YES;
				CLANG_ENABLE_OBJC_ARC = YES;
				CLANG_WARN_BOOL_CONVERSION = YES;
				CLANG_WARN_CONSTANT_CONVERSION = YES;
				CLANG_WARN_DIRECT_OBJC_ISA_USAGE = YES_ERROR;
				CLANG_WARN_DOCUMENTATION_COMMENTS = YES;
				CLANG_WARN_EMPTY_BODY = YES;
				CLANG_WARN_ENUM_CONVERSION = YES;
				CLANG_WARN_INFINITE_RECURSION = YES;
				CLANG_WARN_INT_CONVERSION = YES;
				CLANG_WARN_OBJC_ROOT_CLASS = YES_ERROR;
				CLANG_WARN_SUSPICIOUS_MOVES = YES;
				CLANG_WARN_UNREACHABLE_CODE = YES;
				CLANG_WARN__DUPLICATE_METHOD_MATCH = YES;
				"CODE_SIGN_IDENTITY[sdk=iphoneos*]" = "iPhone Developer";
				COPY_PHASE_STRIP = NO;
				DEBUG_INFORMATION_FORMAT = dwarf;
				ENABLE_STRICT_OBJC_MSGSEND = YES;
				ENABLE_TESTABILITY = YES;
				GCC_C_LANGUAGE_STANDARD = gnu99;
				GCC_DYNAMIC_NO_PIC = NO;
				GCC_NO_COMMON_BLOCKS = YES;
				GCC_OPTIMIZATION_LEVEL = 0;
				GCC_PREPROCESSOR_DEFINITIONS = (
					"DEBUG=1",
					"$(inherited)",
				);
				GCC_WARN_64_TO_32_BIT_CONVERSION = YES;
				GCC_WARN_ABOUT_RETURN_TYPE = YES_ERROR;
				GCC_WARN_UNDECLARED_SELECTOR = YES;
				GCC_WARN_UNINITIALIZED_AUTOS = YES_AGGRESSIVE;
				GCC_WARN_UNUSED_FUNCTION = YES;
				GCC_WARN_UNUSED_VARIABLE = YES;
				IPHONEOS_DEPLOYMENT_TARGET = 10.1;
				MTL_ENABLE_DEBUG_INFO = YES;
				ONLY_ACTIVE_ARCH = YES;
				SDKROOT = iphoneos;
				SWIFT_ACTIVE_COMPILATION_CONDITIONS = DEBUG;
				SWIFT_OPTIMIZATION_LEVEL = "-Onone";
			};
			name = Debug;
		};
		2270B0021DE8DF9E007006FE /* Release */ = {
			isa = XCBuildConfiguration;
			buildSettings = {
				ALWAYS_SEARCH_USER_PATHS = NO;
				CLANG_ANALYZER_NONNULL = YES;
				CLANG_CXX_LANGUAGE_STANDARD = "gnu++0x";
				CLANG_CXX_LIBRARY = "libc++";
				CLANG_ENABLE_MODULES = YES;
				CLANG_ENABLE_OBJC_ARC = YES;
				CLANG_WARN_BOOL_CONVERSION = YES;
				CLANG_WARN_CONSTANT_CONVERSION = YES;
				CLANG_WARN_DIRECT_OBJC_ISA_USAGE = YES_ERROR;
				CLANG_WARN_DOCUMENTATION_COMMENTS = YES;
				CLANG_WARN_EMPTY_BODY = YES;
				CLANG_WARN_ENUM_CONVERSION = YES;
				CLANG_WARN_INFINITE_RECURSION = YES;
				CLANG_WARN_INT_CONVERSION = YES;
				CLANG_WARN_OBJC_ROOT_CLASS = YES_ERROR;
				CLANG_WARN_SUSPICIOUS_MOVES = YES;
				CLANG_WARN_UNREACHABLE_CODE = YES;
				CLANG_WARN__DUPLICATE_METHOD_MATCH = YES;
				"CODE_SIGN_IDENTITY[sdk=iphoneos*]" = "iPhone Developer";
				COPY_PHASE_STRIP = NO;
				DEBUG_INFORMATION_FORMAT = "dwarf-with-dsym";
				ENABLE_NS_ASSERTIONS = NO;
				ENABLE_STRICT_OBJC_MSGSEND = YES;
				GCC_C_LANGUAGE_STANDARD = gnu99;
				GCC_NO_COMMON_BLOCKS = YES;
				GCC_WARN_64_TO_32_BIT_CONVERSION = YES;
				GCC_WARN_ABOUT_RETURN_TYPE = YES_ERROR;
				GCC_WARN_UNDECLARED_SELECTOR = YES;
				GCC_WARN_UNINITIALIZED_AUTOS = YES_AGGRESSIVE;
				GCC_WARN_UNUSED_FUNCTION = YES;
				GCC_WARN_UNUSED_VARIABLE = YES;
				IPHONEOS_DEPLOYMENT_TARGET = 10.1;
				MTL_ENABLE_DEBUG_INFO = NO;
				SDKROOT = iphoneos;
				SWIFT_OPTIMIZATION_LEVEL = "-Owholemodule";
				VALIDATE_PRODUCT = YES;
			};
			name = Release;
		};
		2270B0041DE8DF9E007006FE /* Debug */ = {
			isa = XCBuildConfiguration;
			buildSettings = {
				ASSETCATALOG_COMPILER_APPICON_NAME = AppIcon;
				DEVELOPMENT_TEAM = 5J68VQM656;
				INFOPLIST_FILE = NewsReader/Info.plist;
				LD_RUNPATH_SEARCH_PATHS = "$(inherited) @executable_path/Frameworks";
				PRODUCT_BUNDLE_IDENTIFIER = com.samgalizia.NewsReader;
				PRODUCT_NAME = "$(TARGET_NAME)";
				SWIFT_VERSION = 3.0;
			};
			name = Debug;
		};
		2270B0051DE8DF9E007006FE /* Release */ = {
			isa = XCBuildConfiguration;
			buildSettings = {
				ASSETCATALOG_COMPILER_APPICON_NAME = AppIcon;
				DEVELOPMENT_TEAM = 5J68VQM656;
				INFOPLIST_FILE = NewsReader/Info.plist;
				LD_RUNPATH_SEARCH_PATHS = "$(inherited) @executable_path/Frameworks";
				PRODUCT_BUNDLE_IDENTIFIER = com.samgalizia.NewsReader;
				PRODUCT_NAME = "$(TARGET_NAME)";
				SWIFT_VERSION = 3.0;
			};
			name = Release;
		};
		2270B0071DE8DF9E007006FE /* Debug */ = {
			isa = XCBuildConfiguration;
			buildSettings = {
				ALWAYS_EMBED_SWIFT_STANDARD_LIBRARIES = YES;
				BUNDLE_LOADER = "$(TEST_HOST)";
				DEVELOPMENT_TEAM = 5J68VQM656;
				INFOPLIST_FILE = NewsReaderTests/Info.plist;
				LD_RUNPATH_SEARCH_PATHS = "$(inherited) @executable_path/Frameworks @loader_path/Frameworks";
				PRODUCT_BUNDLE_IDENTIFIER = com.samgalizia.NewsReaderTests;
				PRODUCT_NAME = "$(TARGET_NAME)";
				SWIFT_VERSION = 3.0;
				TEST_HOST = "$(BUILT_PRODUCTS_DIR)/NewsReader.app/NewsReader";
			};
			name = Debug;
		};
		2270B0081DE8DF9E007006FE /* Release */ = {
			isa = XCBuildConfiguration;
			buildSettings = {
				ALWAYS_EMBED_SWIFT_STANDARD_LIBRARIES = YES;
				BUNDLE_LOADER = "$(TEST_HOST)";
				DEVELOPMENT_TEAM = 5J68VQM656;
				INFOPLIST_FILE = NewsReaderTests/Info.plist;
				LD_RUNPATH_SEARCH_PATHS = "$(inherited) @executable_path/Frameworks @loader_path/Frameworks";
				PRODUCT_BUNDLE_IDENTIFIER = com.samgalizia.NewsReaderTests;
				PRODUCT_NAME = "$(TARGET_NAME)";
				SWIFT_VERSION = 3.0;
				TEST_HOST = "$(BUILT_PRODUCTS_DIR)/NewsReader.app/NewsReader";
			};
			name = Release;
		};
/* End XCBuildConfiguration section */

/* Begin XCConfigurationList section */
		2270AFE11DE8DF9E007006FE /* Build configuration list for PBXProject "NewsReader" */ = {
			isa = XCConfigurationList;
			buildConfigurations = (
				2270B0011DE8DF9E007006FE /* Debug */,
				2270B0021DE8DF9E007006FE /* Release */,
			);
			defaultConfigurationIsVisible = 0;
			defaultConfigurationName = Release;
		};
		2270B0031DE8DF9E007006FE /* Build configuration list for PBXNativeTarget "NewsReader" */ = {
			isa = XCConfigurationList;
			buildConfigurations = (
				2270B0041DE8DF9E007006FE /* Debug */,
				2270B0051DE8DF9E007006FE /* Release */,
			);
			defaultConfigurationIsVisible = 0;
		};
		2270B0061DE8DF9E007006FE /* Build configuration list for PBXNativeTarget "NewsReaderTests" */ = {
			isa = XCConfigurationList;
			buildConfigurations = (
				2270B0071DE8DF9E007006FE /* Debug */,
				2270B0081DE8DF9E007006FE /* Release */,
			);
			defaultConfigurationIsVisible = 0;
		};
/* End XCConfigurationList section */
	};
	rootObject = 2270AFDE1DE8DF9E007006FE /* Project object */;
}
